{
  "name": "slice-netd",
  "version": "0.0.1",
  "lockfileVersion": 2,
  "requires": true,
  "packages": {
    "": {
      "version": "0.0.1",
      "license": "MIT",
      "dependencies": {
        "ray-flags": "^0.0.7"
      }
    },
    "node_modules/ray-flags": {
      "version": "0.0.7",
      "resolved": "https://registry.npmjs.org/ray-flags/-/ray-flags-0.0.7.tgz",
      "integrity": "sha512-v43iQ6dfCr5Vsg89IqzV//oYZ2R3gVtUaefi8nU/YSSlWtCmRY5VLo2hl8iBZOJt1Djo9HWAze+LX2fxWXP5tg=="
    }
  },
  "dependencies": {
    "ray-flags": {
      "version": "0.0.7",
      "resolved": "https://registry.npmjs.org/ray-flags/-/ray-flags-0.0.7.tgz",
      "integrity": "sha512-v43iQ6dfCr5Vsg89IqzV//oYZ2R3gVtUaefi8nU/YSSlWtCmRY5VLo2hl8iBZOJt1Djo9HWAze+LX2fxWXP5tg=="
    }
  }
}
